schema: '2.0'
stages:
  prepare_data:
    cmd: python src/stage_01_prepare.py --config=configs/config.yaml --params=params.yaml
    deps:
    - path: configs/config.yaml
      md5: 508d0ae144ca6fa812180f6d0057a3f2
      size: 374
    - path: data/data.xml
      md5: a304afb96060aad90176268345e10355
      size: 37891850
    - path: src/stage_01_prepare.py
      md5: 47a1121c82f1e79ff3004abb9c4d5d4d
      size: 2096
    - path: src/utils/common.py
      md5: ebe79d372c0b5256c6dacc26b27a7acf
      size: 840
    - path: src/utils/data_mgmt.py
      md5: c985e579010a81c5462ebf8184649fe4
      size: 871
    params:
      params.yaml:
        prepare.seed: 2021
        prepare.split: 0.2
    outs:
    - path: artifacts/prepared/test.tsv
      md5: 60c757f3b30604473de7fa775dfc00d9
      size: 4899778
    - path: artifacts/prepared/train.tsv
      md5: 553034c4cf40efc63c99c19fe98610d0
      size: 18986541
  featurize:
    cmd: python src/stage_02_featurization.py --config=configs/config.yaml --params=params.yaml
    deps:
    - path: artifacts/prepared/test.tsv
      md5: 60c757f3b30604473de7fa775dfc00d9
      size: 4899778
    - path: artifacts/prepared/train.tsv
      md5: 553034c4cf40efc63c99c19fe98610d0
      size: 18986541
    - path: configs/config.yaml
      md5: 508d0ae144ca6fa812180f6d0057a3f2
      size: 374
    - path: src/stage_02_featurization.py
      md5: e07203a587149c1f889134b58d8112a3
      size: 2991
    - path: src/utils/common.py
      md5: ebe79d372c0b5256c6dacc26b27a7acf
      size: 840
    - path: src/utils/featurize.py
      md5: 91d515f8a5c06f0d0c055c0f3b6b3125
      size: 516
    params:
      params.yaml:
        featurize.max_features: 3000
        featurize.ngrams: 2
    outs:
    - path: artifacts/features/test.pkl
      md5: a16444f35be763056c35610d6741fa00
      size: 2597499
    - path: artifacts/features/train.pkl
      md5: ecc944089c3a29ca33e6cfd158f81b0d
      size: 10134795
  train:
    cmd: python src/stage_03_train.py --config=configs/config.yaml --params=params.yaml
    deps:
    - path: artifacts/features/train.pkl
      md5: ecc944089c3a29ca33e6cfd158f81b0d
      size: 10134795
    - path: configs/config.yaml
      md5: 508d0ae144ca6fa812180f6d0057a3f2
      size: 374
    - path: src/stage_03_train.py
      md5: bb5dcfadc16299ec07fd19fd9ceba2fd
      size: 2223
    - path: src/utils/common.py
      md5: ebe79d372c0b5256c6dacc26b27a7acf
      size: 840
    params:
      params.yaml:
        train.min_split: 16
        train.n_est: 100
        train.seed: 2021
    outs:
    - path: artifacts/model/model.pkl
      md5: 20ac77b4d7237b3cf0c6e676bdc7dbbc
      size: 3558016
