schema: '2.0'
stages:
  prepare_data:
    cmd: python src/stage_01_prepare.py --config=configs/config.yaml --params=params.yaml
    deps:
    - path: configs/config.yaml
      md5: 28c91b4608db6b4d5754223f44a81a31
      size: 453
    - path: data/data.xml
      md5: a304afb96060aad90176268345e10355
      size: 37891850
    - path: src/stage_01_prepare.py
      md5: 47a1121c82f1e79ff3004abb9c4d5d4d
      size: 2096
    - path: src/utils/common.py
      md5: a9bd2172b6d5d14931e59c0fad897a58
      size: 979
    - path: src/utils/data_mgmt.py
      md5: c985e579010a81c5462ebf8184649fe4
      size: 871
    params:
      params.yaml:
        prepare.seed: 2021
        prepare.split: 0.3
    outs:
    - path: artifacts/prepared/test.tsv
      md5: a0bb558cc0e08269228e02fb57edbdc0
      size: 7248035
    - path: artifacts/prepared/train.tsv
      md5: 3514ce5f1b8c8d976c178e0ad2ae1e78
      size: 16638284
  featurize:
    cmd: python src/stage_02_featurization.py --config=configs/config.yaml --params=params.yaml
    deps:
    - path: artifacts/prepared/test.tsv
      md5: a0bb558cc0e08269228e02fb57edbdc0
      size: 7248035
    - path: artifacts/prepared/train.tsv
      md5: 3514ce5f1b8c8d976c178e0ad2ae1e78
      size: 16638284
    - path: configs/config.yaml
      md5: 28c91b4608db6b4d5754223f44a81a31
      size: 453
    - path: src/stage_02_featurization.py
      md5: e07203a587149c1f889134b58d8112a3
      size: 2991
    - path: src/utils/common.py
      md5: a9bd2172b6d5d14931e59c0fad897a58
      size: 979
    - path: src/utils/featurize.py
      md5: 91d515f8a5c06f0d0c055c0f3b6b3125
      size: 516
    params:
      params.yaml:
        featurize.max_features: 1500
        featurize.ngrams: 2
    outs:
    - path: artifacts/features/test.pkl
      md5: f6a6c8a2352365219ffc434d00b4a84b
      size: 3288843
    - path: artifacts/features/train.pkl
      md5: 2c2154af16b217f23116e8cfe26a1d5d
      size: 7607571
  train:
    cmd: python src/stage_03_train.py --config=configs/config.yaml --params=params.yaml
    deps:
    - path: artifacts/features/train.pkl
      md5: 2c2154af16b217f23116e8cfe26a1d5d
      size: 7607571
    - path: configs/config.yaml
      md5: 28c91b4608db6b4d5754223f44a81a31
      size: 453
    - path: src/stage_03_train.py
      md5: bb5dcfadc16299ec07fd19fd9ceba2fd
      size: 2223
    - path: src/utils/common.py
      md5: a9bd2172b6d5d14931e59c0fad897a58
      size: 979
    params:
      params.yaml:
        train.min_split: 15
        train.n_est: 90
        train.seed: 2021
    outs:
    - path: artifacts/model/model.pkl
      md5: 4b3bb3594dd6624b63693725d867c480
      size: 2824848
  evaluate:
    cmd: python src/stage_04_evaluate.py --config=configs/config.yaml
    deps:
    - path: artifacts/features/test.pkl
      md5: f6a6c8a2352365219ffc434d00b4a84b
      size: 3288843
    - path: artifacts/model/model.pkl
      md5: 4b3bb3594dd6624b63693725d867c480
      size: 2824848
    - path: configs/config.yaml
      md5: 28c91b4608db6b4d5754223f44a81a31
      size: 453
    - path: src/stage_04_evaluate.py
      md5: df4e36d182f823c42b4a3b42b8c44c25
      size: 2832
    - path: src/utils/common.py
      md5: a9bd2172b6d5d14931e59c0fad897a58
      size: 979
    outs:
    - path: prc.json
      md5: 0d761afa74bae2abceaca8bae7950d88
      size: 120294
    - path: roc.json
      md5: faaee60a13c6ec5541703cf0b38b4de8
      size: 137422
    - path: scores.json
      md5: 209d9b96ab6148d2ff9993b0b7469971
      size: 76
  run_plots_command:
    cmd: dvc plots diff
